// !$*UTF8*$!
{
	archiveVersion = 1;
	classes = {
	};
	objectVersion = 56;
	objects = {

/* Begin PBXBuildFile section */
		1A99F6F328ECA4F7007A6297 /* ProfileViewController.swift in Sources */ = {isa = PBXBuildFile; fileRef = 1A99F6F228ECA4F7007A6297 /* ProfileViewController.swift */; };
		1AB085F628E9474B0099DFBE /* GoogleService-Info.plist in Resources */ = {isa = PBXBuildFile; fileRef = 1AB085F528E9474B0099DFBE /* GoogleService-Info.plist */; };
		1AB085FA28E948230099DFBE /* FirebaseAnalytics in Frameworks */ = {isa = PBXBuildFile; productRef = 1AB085F928E948230099DFBE /* FirebaseAnalytics */; };
		1AB085FC28E948230099DFBE /* FirebaseAuth in Frameworks */ = {isa = PBXBuildFile; productRef = 1AB085FB28E948230099DFBE /* FirebaseAuth */; };
		1AB085FE28E948230099DFBE /* FirebaseDatabase in Frameworks */ = {isa = PBXBuildFile; productRef = 1AB085FD28E948230099DFBE /* FirebaseDatabase */; };
		1AB0860028E948230099DFBE /* FirebaseDatabaseSwift in Frameworks */ = {isa = PBXBuildFile; productRef = 1AB085FF28E948230099DFBE /* FirebaseDatabaseSwift */; };
		1AB0860228E948230099DFBE /* FirebaseStorage in Frameworks */ = {isa = PBXBuildFile; productRef = 1AB0860128E948230099DFBE /* FirebaseStorage */; };
		1AB0860928E9521A0099DFBE /* LoginViewController.swift in Sources */ = {isa = PBXBuildFile; fileRef = 1AB0860828E9521A0099DFBE /* LoginViewController.swift */; };
		1AB0860C28E952A20099DFBE /* UIView+Extensions.swift in Sources */ = {isa = PBXBuildFile; fileRef = 1AB0860B28E952A20099DFBE /* UIView+Extensions.swift */; };
		1AB0860E28E952FF0099DFBE /* UIColor+Extensions.swift in Sources */ = {isa = PBXBuildFile; fileRef = 1AB0860D28E952FF0099DFBE /* UIColor+Extensions.swift */; };
		1AB0861028E953520099DFBE /* Utilities.swift in Sources */ = {isa = PBXBuildFile; fileRef = 1AB0860F28E953520099DFBE /* Utilities.swift */; };
		1AB0861228E954D70099DFBE /* RegisterViewController.swift in Sources */ = {isa = PBXBuildFile; fileRef = 1AB0861128E954D70099DFBE /* RegisterViewController.swift */; };
		1AB0861428E9550D0099DFBE /* AuthService.swift in Sources */ = {isa = PBXBuildFile; fileRef = 1AB0861328E9550D0099DFBE /* AuthService.swift */; };
		1AB0861628E956410099DFBE /* Constants.swift in Sources */ = {isa = PBXBuildFile; fileRef = 1AB0861528E956410099DFBE /* Constants.swift */; };
		1AB0861828E9566D0099DFBE /* MainTabBarController.swift in Sources */ = {isa = PBXBuildFile; fileRef = 1AB0861728E9566D0099DFBE /* MainTabBarController.swift */; };
		1AB0861C28E956B90099DFBE /* DashboardViewController.swift in Sources */ = {isa = PBXBuildFile; fileRef = 1AB0861B28E956B90099DFBE /* DashboardViewController.swift */; };
		1AB0862228E956D50099DFBE /* NotificationsViewController.swift in Sources */ = {isa = PBXBuildFile; fileRef = 1AB0862128E956D50099DFBE /* NotificationsViewController.swift */; };
		1AB0862428E9570B0099DFBE /* UserService.swift in Sources */ = {isa = PBXBuildFile; fileRef = 1AB0862328E9570B0099DFBE /* UserService.swift */; };
		1AB248CB28E693C100A1C940 /* AppDelegate.swift in Sources */ = {isa = PBXBuildFile; fileRef = 1AB248CA28E693C100A1C940 /* AppDelegate.swift */; };
		1AB248CD28E693C100A1C940 /* SceneDelegate.swift in Sources */ = {isa = PBXBuildFile; fileRef = 1AB248CC28E693C100A1C940 /* SceneDelegate.swift */; };
		1AB248CF28E693C100A1C940 /* ViewController.swift in Sources */ = {isa = PBXBuildFile; fileRef = 1AB248CE28E693C100A1C940 /* ViewController.swift */; };
		1AB248D228E693C100A1C940 /* Main.storyboard in Resources */ = {isa = PBXBuildFile; fileRef = 1AB248D028E693C100A1C940 /* Main.storyboard */; };
		1AB248D428E693C200A1C940 /* Assets.xcassets in Resources */ = {isa = PBXBuildFile; fileRef = 1AB248D328E693C200A1C940 /* Assets.xcassets */; };
		1AB248D728E693C200A1C940 /* LaunchScreen.storyboard in Resources */ = {isa = PBXBuildFile; fileRef = 1AB248D528E693C200A1C940 /* LaunchScreen.storyboard */; };
		1AB248E228E693C200A1C940 /* StorageOrganizerTests.swift in Sources */ = {isa = PBXBuildFile; fileRef = 1AB248E128E693C200A1C940 /* StorageOrganizerTests.swift */; };
		1AB248EC28E693C200A1C940 /* StorageOrganizerUITests.swift in Sources */ = {isa = PBXBuildFile; fileRef = 1AB248EB28E693C200A1C940 /* StorageOrganizerUITests.swift */; };
		1AB248EE28E693C200A1C940 /* StorageOrganizerUITestsLaunchTests.swift in Sources */ = {isa = PBXBuildFile; fileRef = 1AB248ED28E693C200A1C940 /* StorageOrganizerUITestsLaunchTests.swift */; };
		1AF3313028EA0DCA003E9093 /* FirebaseAnalyticsOnDeviceConversion in Frameworks */ = {isa = PBXBuildFile; productRef = 1AF3312F28EA0DCA003E9093 /* FirebaseAnalyticsOnDeviceConversion */; };
		1AF3313228EA0DCA003E9093 /* FirebaseAnalyticsSwift in Frameworks */ = {isa = PBXBuildFile; productRef = 1AF3313128EA0DCA003E9093 /* FirebaseAnalyticsSwift */; };
		1AF3313428EA0DCA003E9093 /* FirebaseAnalyticsWithoutAdIdSupport in Frameworks */ = {isa = PBXBuildFile; productRef = 1AF3313328EA0DCA003E9093 /* FirebaseAnalyticsWithoutAdIdSupport */; };
		1AF3313628EA0DCA003E9093 /* FirebaseAppCheck in Frameworks */ = {isa = PBXBuildFile; productRef = 1AF3313528EA0DCA003E9093 /* FirebaseAppCheck */; };
		1AF3313828EA0DCA003E9093 /* FirebaseAppDistribution-Beta in Frameworks */ = {isa = PBXBuildFile; productRef = 1AF3313728EA0DCA003E9093 /* FirebaseAppDistribution-Beta */; };
		1AF3313A28EA0DCB003E9093 /* FirebaseAuthCombine-Community in Frameworks */ = {isa = PBXBuildFile; productRef = 1AF3313928EA0DCB003E9093 /* FirebaseAuthCombine-Community */; };
		1AF3313C28EA0DCB003E9093 /* FirebaseCrashlytics in Frameworks */ = {isa = PBXBuildFile; productRef = 1AF3313B28EA0DCB003E9093 /* FirebaseCrashlytics */; };
		1AF3313E28EA0DCB003E9093 /* FirebaseDynamicLinks in Frameworks */ = {isa = PBXBuildFile; productRef = 1AF3313D28EA0DCB003E9093 /* FirebaseDynamicLinks */; };
		1AF3314028EA0DCB003E9093 /* FirebaseFirestore in Frameworks */ = {isa = PBXBuildFile; productRef = 1AF3313F28EA0DCB003E9093 /* FirebaseFirestore */; };
		1AF3314228EA0DCB003E9093 /* FirebaseFirestoreCombine-Community in Frameworks */ = {isa = PBXBuildFile; productRef = 1AF3314128EA0DCB003E9093 /* FirebaseFirestoreCombine-Community */; };
		1AF3314428EA0DCB003E9093 /* FirebaseFirestoreSwift in Frameworks */ = {isa = PBXBuildFile; productRef = 1AF3314328EA0DCB003E9093 /* FirebaseFirestoreSwift */; };
		1AF3314628EA0DCB003E9093 /* FirebaseFunctions in Frameworks */ = {isa = PBXBuildFile; productRef = 1AF3314528EA0DCB003E9093 /* FirebaseFunctions */; };
		1AF3314828EA0DCB003E9093 /* FirebaseFunctionsCombine-Community in Frameworks */ = {isa = PBXBuildFile; productRef = 1AF3314728EA0DCB003E9093 /* FirebaseFunctionsCombine-Community */; };
		1AF3314A28EA0DCB003E9093 /* FirebaseInAppMessaging-Beta in Frameworks */ = {isa = PBXBuildFile; productRef = 1AF3314928EA0DCB003E9093 /* FirebaseInAppMessaging-Beta */; };
		1AF3314C28EA0DCB003E9093 /* FirebaseInAppMessagingSwift-Beta in Frameworks */ = {isa = PBXBuildFile; productRef = 1AF3314B28EA0DCB003E9093 /* FirebaseInAppMessagingSwift-Beta */; };
		1AF3314E28EA0DCB003E9093 /* FirebaseInstallations in Frameworks */ = {isa = PBXBuildFile; productRef = 1AF3314D28EA0DCB003E9093 /* FirebaseInstallations */; };
		1AF3315028EA0DCB003E9093 /* FirebaseMessaging in Frameworks */ = {isa = PBXBuildFile; productRef = 1AF3314F28EA0DCB003E9093 /* FirebaseMessaging */; };
		1AF3315228EA0DCB003E9093 /* FirebaseMLModelDownloader in Frameworks */ = {isa = PBXBuildFile; productRef = 1AF3315128EA0DCB003E9093 /* FirebaseMLModelDownloader */; };
		1AF3315428EA0DCB003E9093 /* FirebasePerformance in Frameworks */ = {isa = PBXBuildFile; productRef = 1AF3315328EA0DCB003E9093 /* FirebasePerformance */; };
		1AF3315628EA0DCB003E9093 /* FirebaseRemoteConfig in Frameworks */ = {isa = PBXBuildFile; productRef = 1AF3315528EA0DCB003E9093 /* FirebaseRemoteConfig */; };
		1AF3315828EA0DCB003E9093 /* FirebaseRemoteConfigSwift in Frameworks */ = {isa = PBXBuildFile; productRef = 1AF3315728EA0DCB003E9093 /* FirebaseRemoteConfigSwift */; };
		1AF3315A28EA0DCB003E9093 /* FirebaseStorageCombine-Community in Frameworks */ = {isa = PBXBuildFile; productRef = 1AF3315928EA0DCB003E9093 /* FirebaseStorageCombine-Community */; };
/* End PBXBuildFile section */

/* Begin PBXContainerItemProxy section */
		1AB248DE28E693C200A1C940 /* PBXContainerItemProxy */ = {
			isa = PBXContainerItemProxy;
			containerPortal = 1AB248BF28E693C100A1C940 /* Project object */;
			proxyType = 1;
			remoteGlobalIDString = 1AB248C628E693C100A1C940;
			remoteInfo = StorageOrganizer;
		};
		1AB248E828E693C200A1C940 /* PBXContainerItemProxy */ = {
			isa = PBXContainerItemProxy;
			containerPortal = 1AB248BF28E693C100A1C940 /* Project object */;
			proxyType = 1;
			remoteGlobalIDString = 1AB248C628E693C100A1C940;
			remoteInfo = StorageOrganizer;
		};
/* End PBXContainerItemProxy section */

/* Begin PBXFileReference section */
		1A99F6F228ECA4F7007A6297 /* ProfileViewController.swift */ = {isa = PBXFileReference; lastKnownFileType = sourcecode.swift; name = ProfileViewController.swift; path = StorageOrganizer/Screens/ProfileViewController.swift; sourceTree = SOURCE_ROOT; };
		1AB085F528E9474B0099DFBE /* GoogleService-Info.plist */ = {isa = PBXFileReference; fileEncoding = 4; lastKnownFileType = text.plist.xml; path = "GoogleService-Info.plist"; sourceTree = "<group>"; };
		1AB0860828E9521A0099DFBE /* LoginViewController.swift */ = {isa = PBXFileReference; lastKnownFileType = sourcecode.swift; path = LoginViewController.swift; sourceTree = "<group>"; };
		1AB0860B28E952A20099DFBE /* UIView+Extensions.swift */ = {isa = PBXFileReference; lastKnownFileType = sourcecode.swift; path = "UIView+Extensions.swift"; sourceTree = "<group>"; };
		1AB0860D28E952FF0099DFBE /* UIColor+Extensions.swift */ = {isa = PBXFileReference; lastKnownFileType = sourcecode.swift; path = "UIColor+Extensions.swift"; sourceTree = "<group>"; };
		1AB0860F28E953520099DFBE /* Utilities.swift */ = {isa = PBXFileReference; lastKnownFileType = sourcecode.swift; path = Utilities.swift; sourceTree = "<group>"; };
		1AB0861128E954D70099DFBE /* RegisterViewController.swift */ = {isa = PBXFileReference; lastKnownFileType = sourcecode.swift; path = RegisterViewController.swift; sourceTree = "<group>"; };
		1AB0861328E9550D0099DFBE /* AuthService.swift */ = {isa = PBXFileReference; lastKnownFileType = sourcecode.swift; path = AuthService.swift; sourceTree = "<group>"; };
		1AB0861528E956410099DFBE /* Constants.swift */ = {isa = PBXFileReference; lastKnownFileType = sourcecode.swift; path = Constants.swift; sourceTree = "<group>"; };
		1AB0861728E9566D0099DFBE /* MainTabBarController.swift */ = {isa = PBXFileReference; lastKnownFileType = sourcecode.swift; path = MainTabBarController.swift; sourceTree = "<group>"; };
		1AB0861B28E956B90099DFBE /* DashboardViewController.swift */ = {isa = PBXFileReference; lastKnownFileType = sourcecode.swift; path = DashboardViewController.swift; sourceTree = "<group>"; };
		1AB0862128E956D50099DFBE /* NotificationsViewController.swift */ = {isa = PBXFileReference; lastKnownFileType = sourcecode.swift; path = NotificationsViewController.swift; sourceTree = "<group>"; };
		1AB0862328E9570B0099DFBE /* UserService.swift */ = {isa = PBXFileReference; lastKnownFileType = sourcecode.swift; path = UserService.swift; sourceTree = "<group>"; };
		1AB248C728E693C100A1C940 /* StorageOrganizer.app */ = {isa = PBXFileReference; explicitFileType = wrapper.application; includeInIndex = 0; path = StorageOrganizer.app; sourceTree = BUILT_PRODUCTS_DIR; };
		1AB248CA28E693C100A1C940 /* AppDelegate.swift */ = {isa = PBXFileReference; lastKnownFileType = sourcecode.swift; path = AppDelegate.swift; sourceTree = "<group>"; };
		1AB248CC28E693C100A1C940 /* SceneDelegate.swift */ = {isa = PBXFileReference; lastKnownFileType = sourcecode.swift; path = SceneDelegate.swift; sourceTree = "<group>"; };
		1AB248CE28E693C100A1C940 /* ViewController.swift */ = {isa = PBXFileReference; lastKnownFileType = sourcecode.swift; path = ViewController.swift; sourceTree = "<group>"; };
		1AB248D128E693C100A1C940 /* Base */ = {isa = PBXFileReference; lastKnownFileType = file.storyboard; name = Base; path = Base.lproj/Main.storyboard; sourceTree = "<group>"; };
		1AB248D328E693C200A1C940 /* Assets.xcassets */ = {isa = PBXFileReference; lastKnownFileType = folder.assetcatalog; path = Assets.xcassets; sourceTree = "<group>"; };
		1AB248D628E693C200A1C940 /* Base */ = {isa = PBXFileReference; lastKnownFileType = file.storyboard; name = Base; path = Base.lproj/LaunchScreen.storyboard; sourceTree = "<group>"; };
		1AB248D828E693C200A1C940 /* Info.plist */ = {isa = PBXFileReference; lastKnownFileType = text.plist.xml; path = Info.plist; sourceTree = "<group>"; };
		1AB248DD28E693C200A1C940 /* StorageOrganizerTests.xctest */ = {isa = PBXFileReference; explicitFileType = wrapper.cfbundle; includeInIndex = 0; path = StorageOrganizerTests.xctest; sourceTree = BUILT_PRODUCTS_DIR; };
		1AB248E128E693C200A1C940 /* StorageOrganizerTests.swift */ = {isa = PBXFileReference; lastKnownFileType = sourcecode.swift; path = StorageOrganizerTests.swift; sourceTree = "<group>"; };
		1AB248E728E693C200A1C940 /* StorageOrganizerUITests.xctest */ = {isa = PBXFileReference; explicitFileType = wrapper.cfbundle; includeInIndex = 0; path = StorageOrganizerUITests.xctest; sourceTree = BUILT_PRODUCTS_DIR; };
		1AB248EB28E693C200A1C940 /* StorageOrganizerUITests.swift */ = {isa = PBXFileReference; lastKnownFileType = sourcecode.swift; path = StorageOrganizerUITests.swift; sourceTree = "<group>"; };
		1AB248ED28E693C200A1C940 /* StorageOrganizerUITestsLaunchTests.swift */ = {isa = PBXFileReference; lastKnownFileType = sourcecode.swift; path = StorageOrganizerUITestsLaunchTests.swift; sourceTree = "<group>"; };
/* End PBXFileReference section */

/* Begin PBXFrameworksBuildPhase section */
		1AB248C428E693C100A1C940 /* Frameworks */ = {
			isa = PBXFrameworksBuildPhase;
			buildActionMask = 2147483647;
			files = (
				1AF3314628EA0DCB003E9093 /* FirebaseFunctions in Frameworks */,
				1AB0860028E948230099DFBE /* FirebaseDatabaseSwift in Frameworks */,
				1AF3314C28EA0DCB003E9093 /* FirebaseInAppMessagingSwift-Beta in Frameworks */,
				1AF3313028EA0DCA003E9093 /* FirebaseAnalyticsOnDeviceConversion in Frameworks */,
				1AB085FE28E948230099DFBE /* FirebaseDatabase in Frameworks */,
				1AF3314228EA0DCB003E9093 /* FirebaseFirestoreCombine-Community in Frameworks */,
				1AB085FA28E948230099DFBE /* FirebaseAnalytics in Frameworks */,
				1AF3313228EA0DCA003E9093 /* FirebaseAnalyticsSwift in Frameworks */,
				1AB0860228E948230099DFBE /* FirebaseStorage in Frameworks */,
				1AF3315228EA0DCB003E9093 /* FirebaseMLModelDownloader in Frameworks */,
				1AF3314428EA0DCB003E9093 /* FirebaseFirestoreSwift in Frameworks */,
				1AF3313A28EA0DCB003E9093 /* FirebaseAuthCombine-Community in Frameworks */,
				1AB085FC28E948230099DFBE /* FirebaseAuth in Frameworks */,
				1AF3314A28EA0DCB003E9093 /* FirebaseInAppMessaging-Beta in Frameworks */,
				1AF3315428EA0DCB003E9093 /* FirebasePerformance in Frameworks */,
				1AF3314828EA0DCB003E9093 /* FirebaseFunctionsCombine-Community in Frameworks */,
				1AF3315A28EA0DCB003E9093 /* FirebaseStorageCombine-Community in Frameworks */,
				1AF3313828EA0DCA003E9093 /* FirebaseAppDistribution-Beta in Frameworks */,
				1AF3314E28EA0DCB003E9093 /* FirebaseInstallations in Frameworks */,
				1AF3313C28EA0DCB003E9093 /* FirebaseCrashlytics in Frameworks */,
				1AF3315628EA0DCB003E9093 /* FirebaseRemoteConfig in Frameworks */,
				1AF3313628EA0DCA003E9093 /* FirebaseAppCheck in Frameworks */,
				1AF3313428EA0DCA003E9093 /* FirebaseAnalyticsWithoutAdIdSupport in Frameworks */,
				1AF3313E28EA0DCB003E9093 /* FirebaseDynamicLinks in Frameworks */,
				1AF3315028EA0DCB003E9093 /* FirebaseMessaging in Frameworks */,
				1AF3314028EA0DCB003E9093 /* FirebaseFirestore in Frameworks */,
				1AF3315828EA0DCB003E9093 /* FirebaseRemoteConfigSwift in Frameworks */,
			);
			runOnlyForDeploymentPostprocessing = 0;
		};
		1AB248DA28E693C200A1C940 /* Frameworks */ = {
			isa = PBXFrameworksBuildPhase;
			buildActionMask = 2147483647;
			files = (
			);
			runOnlyForDeploymentPostprocessing = 0;
		};
		1AB248E428E693C200A1C940 /* Frameworks */ = {
			isa = PBXFrameworksBuildPhase;
			buildActionMask = 2147483647;
			files = (
			);
			runOnlyForDeploymentPostprocessing = 0;
		};
/* End PBXFrameworksBuildPhase section */

/* Begin PBXGroup section */
		1AB0860428E94C730099DFBE /* Network */ = {
			isa = PBXGroup;
			children = (
				1AB0861328E9550D0099DFBE /* AuthService.swift */,
				1AB0861528E956410099DFBE /* Constants.swift */,
				1AB0862328E9570B0099DFBE /* UserService.swift */,
			);
			path = Network;
			sourceTree = "<group>";
		};
		1AB0860528E94C780099DFBE /* Models */ = {
			isa = PBXGroup;
			children = (
			);
			path = Models;
			sourceTree = "<group>";
		};
		1AB0860628E94C7B0099DFBE /* Screens */ = {
			isa = PBXGroup;
			children = (
				1AB0860728E94F150099DFBE /* Authentication */,
				1A99F6F228ECA4F7007A6297 /* ProfileViewController.swift */,
				1AB0861728E9566D0099DFBE /* MainTabBarController.swift */,
				1AB0861B28E956B90099DFBE /* DashboardViewController.swift */,
				1AB0862128E956D50099DFBE /* NotificationsViewController.swift */,
			);
			path = Screens;
			sourceTree = "<group>";
		};
		1AB0860728E94F150099DFBE /* Authentication */ = {
			isa = PBXGroup;
			children = (
				1AB0860828E9521A0099DFBE /* LoginViewController.swift */,
				1AB0860F28E953520099DFBE /* Utilities.swift */,
				1AB0861128E954D70099DFBE /* RegisterViewController.swift */,
			);
			path = Authentication;
			sourceTree = "<group>";
		};
		1AB0860A28E952870099DFBE /* Utilities */ = {
			isa = PBXGroup;
			children = (
				1AB0860B28E952A20099DFBE /* UIView+Extensions.swift */,
				1AB0860D28E952FF0099DFBE /* UIColor+Extensions.swift */,
			);
			path = Utilities;
			sourceTree = "<group>";
		};
		1AB248BE28E693C100A1C940 = {
			isa = PBXGroup;
			children = (
				1AB085F528E9474B0099DFBE /* GoogleService-Info.plist */,
				1AB248C928E693C100A1C940 /* StorageOrganizer */,
				1AB248E028E693C200A1C940 /* StorageOrganizerTests */,
				1AB248EA28E693C200A1C940 /* StorageOrganizerUITests */,
				1AB248C828E693C100A1C940 /* Products */,
				1AF3312E28EA0DCA003E9093 /* Frameworks */,
			);
			sourceTree = "<group>";
		};
		1AB248C828E693C100A1C940 /* Products */ = {
			isa = PBXGroup;
			children = (
				1AB248C728E693C100A1C940 /* StorageOrganizer.app */,
				1AB248DD28E693C200A1C940 /* StorageOrganizerTests.xctest */,
				1AB248E728E693C200A1C940 /* StorageOrganizerUITests.xctest */,
			);
			name = Products;
			sourceTree = "<group>";
		};
		1AB248C928E693C100A1C940 /* StorageOrganizer */ = {
			isa = PBXGroup;
			children = (
				1AB0860A28E952870099DFBE /* Utilities */,
				1AB0860628E94C7B0099DFBE /* Screens */,
				1AB0860528E94C780099DFBE /* Models */,
				1AB0860428E94C730099DFBE /* Network */,
				1AB248CA28E693C100A1C940 /* AppDelegate.swift */,
				1AB248CC28E693C100A1C940 /* SceneDelegate.swift */,
				1AB248CE28E693C100A1C940 /* ViewController.swift */,
				1AB248D028E693C100A1C940 /* Main.storyboard */,
				1AB248D328E693C200A1C940 /* Assets.xcassets */,
				1AB248D528E693C200A1C940 /* LaunchScreen.storyboard */,
				1AB248D828E693C200A1C940 /* Info.plist */,
			);
			path = StorageOrganizer;
			sourceTree = "<group>";
		};
		1AB248E028E693C200A1C940 /* StorageOrganizerTests */ = {
			isa = PBXGroup;
			children = (
				1AB248E128E693C200A1C940 /* StorageOrganizerTests.swift */,
			);
			path = StorageOrganizerTests;
			sourceTree = "<group>";
		};
		1AB248EA28E693C200A1C940 /* StorageOrganizerUITests */ = {
			isa = PBXGroup;
			children = (
				1AB248EB28E693C200A1C940 /* StorageOrganizerUITests.swift */,
				1AB248ED28E693C200A1C940 /* StorageOrganizerUITestsLaunchTests.swift */,
			);
			path = StorageOrganizerUITests;
			sourceTree = "<group>";
		};
		1AF3312E28EA0DCA003E9093 /* Frameworks */ = {
			isa = PBXGroup;
			children = (
			);
			name = Frameworks;
			sourceTree = "<group>";
		};
/* End PBXGroup section */

/* Begin PBXNativeTarget section */
		1AB248C628E693C100A1C940 /* StorageOrganizer */ = {
			isa = PBXNativeTarget;
			buildConfigurationList = 1AB248F128E693C200A1C940 /* Build configuration list for PBXNativeTarget "StorageOrganizer" */;
			buildPhases = (
				1AB248C328E693C100A1C940 /* Sources */,
				1AB248C428E693C100A1C940 /* Frameworks */,
				1AB248C528E693C100A1C940 /* Resources */,
			);
			buildRules = (
			);
			dependencies = (
			);
			name = StorageOrganizer;
			packageProductDependencies = (
				1AB085F928E948230099DFBE /* FirebaseAnalytics */,
				1AB085FB28E948230099DFBE /* FirebaseAuth */,
				1AB085FD28E948230099DFBE /* FirebaseDatabase */,
				1AB085FF28E948230099DFBE /* FirebaseDatabaseSwift */,
				1AB0860128E948230099DFBE /* FirebaseStorage */,
				1AF3312F28EA0DCA003E9093 /* FirebaseAnalyticsOnDeviceConversion */,
				1AF3313128EA0DCA003E9093 /* FirebaseAnalyticsSwift */,
				1AF3313328EA0DCA003E9093 /* FirebaseAnalyticsWithoutAdIdSupport */,
				1AF3313528EA0DCA003E9093 /* FirebaseAppCheck */,
				1AF3313728EA0DCA003E9093 /* FirebaseAppDistribution-Beta */,
				1AF3313928EA0DCB003E9093 /* FirebaseAuthCombine-Community */,
				1AF3313B28EA0DCB003E9093 /* FirebaseCrashlytics */,
				1AF3313D28EA0DCB003E9093 /* FirebaseDynamicLinks */,
				1AF3313F28EA0DCB003E9093 /* FirebaseFirestore */,
				1AF3314128EA0DCB003E9093 /* FirebaseFirestoreCombine-Community */,
				1AF3314328EA0DCB003E9093 /* FirebaseFirestoreSwift */,
				1AF3314528EA0DCB003E9093 /* FirebaseFunctions */,
				1AF3314728EA0DCB003E9093 /* FirebaseFunctionsCombine-Community */,
				1AF3314928EA0DCB003E9093 /* FirebaseInAppMessaging-Beta */,
				1AF3314B28EA0DCB003E9093 /* FirebaseInAppMessagingSwift-Beta */,
				1AF3314D28EA0DCB003E9093 /* FirebaseInstallations */,
				1AF3314F28EA0DCB003E9093 /* FirebaseMessaging */,
				1AF3315128EA0DCB003E9093 /* FirebaseMLModelDownloader */,
				1AF3315328EA0DCB003E9093 /* FirebasePerformance */,
				1AF3315528EA0DCB003E9093 /* FirebaseRemoteConfig */,
				1AF3315728EA0DCB003E9093 /* FirebaseRemoteConfigSwift */,
				1AF3315928EA0DCB003E9093 /* FirebaseStorageCombine-Community */,
			);
			productName = StorageOrganizer;
			productReference = 1AB248C728E693C100A1C940 /* StorageOrganizer.app */;
			productType = "com.apple.product-type.application";
		};
		1AB248DC28E693C200A1C940 /* StorageOrganizerTests */ = {
			isa = PBXNativeTarget;
			buildConfigurationList = 1AB248F428E693C200A1C940 /* Build configuration list for PBXNativeTarget "StorageOrganizerTests" */;
			buildPhases = (
				1AB248D928E693C200A1C940 /* Sources */,
				1AB248DA28E693C200A1C940 /* Frameworks */,
				1AB248DB28E693C200A1C940 /* Resources */,
			);
			buildRules = (
			);
			dependencies = (
				1AB248DF28E693C200A1C940 /* PBXTargetDependency */,
			);
			name = StorageOrganizerTests;
			productName = StorageOrganizerTests;
			productReference = 1AB248DD28E693C200A1C940 /* StorageOrganizerTests.xctest */;
			productType = "com.apple.product-type.bundle.unit-test";
		};
		1AB248E628E693C200A1C940 /* StorageOrganizerUITests */ = {
			isa = PBXNativeTarget;
			buildConfigurationList = 1AB248F728E693C200A1C940 /* Build configuration list for PBXNativeTarget "StorageOrganizerUITests" */;
			buildPhases = (
				1AB248E328E693C200A1C940 /* Sources */,
				1AB248E428E693C200A1C940 /* Frameworks */,
				1AB248E528E693C200A1C940 /* Resources */,
			);
			buildRules = (
			);
			dependencies = (
				1AB248E928E693C200A1C940 /* PBXTargetDependency */,
			);
			name = StorageOrganizerUITests;
			productName = StorageOrganizerUITests;
			productReference = 1AB248E728E693C200A1C940 /* StorageOrganizerUITests.xctest */;
			productType = "com.apple.product-type.bundle.ui-testing";
		};
/* End PBXNativeTarget section */

/* Begin PBXProject section */
		1AB248BF28E693C100A1C940 /* Project object */ = {
			isa = PBXProject;
			attributes = {
				BuildIndependentTargetsInParallel = 1;
				LastSwiftUpdateCheck = 1400;
				LastUpgradeCheck = 1400;
				TargetAttributes = {
					1AB248C628E693C100A1C940 = {
						CreatedOnToolsVersion = 14.0;
					};
					1AB248DC28E693C200A1C940 = {
						CreatedOnToolsVersion = 14.0;
						TestTargetID = 1AB248C628E693C100A1C940;
					};
					1AB248E628E693C200A1C940 = {
						CreatedOnToolsVersion = 14.0;
						TestTargetID = 1AB248C628E693C100A1C940;
					};
				};
			};
			buildConfigurationList = 1AB248C228E693C100A1C940 /* Build configuration list for PBXProject "StorageOrganizer" */;
			compatibilityVersion = "Xcode 14.0";
			developmentRegion = en;
			hasScannedForEncodings = 0;
			knownRegions = (
				en,
				Base,
			);
			mainGroup = 1AB248BE28E693C100A1C940;
			packageReferences = (
				1AB085F828E948230099DFBE /* XCRemoteSwiftPackageReference "firebase-ios-sdk" */,
			);
			productRefGroup = 1AB248C828E693C100A1C940 /* Products */;
			projectDirPath = "";
			projectRoot = "";
			targets = (
				1AB248C628E693C100A1C940 /* StorageOrganizer */,
				1AB248DC28E693C200A1C940 /* StorageOrganizerTests */,
				1AB248E628E693C200A1C940 /* StorageOrganizerUITests */,
			);
		};
/* End PBXProject section */

/* Begin PBXResourcesBuildPhase section */
		1AB248C528E693C100A1C940 /* Resources */ = {
			isa = PBXResourcesBuildPhase;
			buildActionMask = 2147483647;
			files = (
				1AB248D728E693C200A1C940 /* LaunchScreen.storyboard in Resources */,
				1AB085F628E9474B0099DFBE /* GoogleService-Info.plist in Resources */,
				1AB248D428E693C200A1C940 /* Assets.xcassets in Resources */,
				1AB248D228E693C100A1C940 /* Main.storyboard in Resources */,
			);
			runOnlyForDeploymentPostprocessing = 0;
		};
		1AB248DB28E693C200A1C940 /* Resources */ = {
			isa = PBXResourcesBuildPhase;
			buildActionMask = 2147483647;
			files = (
			);
			runOnlyForDeploymentPostprocessing = 0;
		};
		1AB248E528E693C200A1C940 /* Resources */ = {
			isa = PBXResourcesBuildPhase;
			buildActionMask = 2147483647;
			files = (
			);
			runOnlyForDeploymentPostprocessing = 0;
		};
/* End PBXResourcesBuildPhase section */

/* Begin PBXSourcesBuildPhase section */
		1AB248C328E693C100A1C940 /* Sources */ = {
			isa = PBXSourcesBuildPhase;
			buildActionMask = 2147483647;
			files = (
				1AB0862228E956D50099DFBE /* NotificationsViewController.swift in Sources */,
				1AB0861028E953520099DFBE /* Utilities.swift in Sources */,
				1AB0860928E9521A0099DFBE /* LoginViewController.swift in Sources */,
				1AB0861828E9566D0099DFBE /* MainTabBarController.swift in Sources */,
				1AB0860E28E952FF0099DFBE /* UIColor+Extensions.swift in Sources */,
				1AB0861428E9550D0099DFBE /* AuthService.swift in Sources */,
				1AB0861228E954D70099DFBE /* RegisterViewController.swift in Sources */,
				1AB0861628E956410099DFBE /* Constants.swift in Sources */,
				1AB248CF28E693C100A1C940 /* ViewController.swift in Sources */,
				1AB0860C28E952A20099DFBE /* UIView+Extensions.swift in Sources */,
				1AB0861C28E956B90099DFBE /* DashboardViewController.swift in Sources */,
				1AB0862428E9570B0099DFBE /* UserService.swift in Sources */,
				1A99F6F328ECA4F7007A6297 /* ProfileViewController.swift in Sources */,
				1AB248CB28E693C100A1C940 /* AppDelegate.swift in Sources */,
				1AB248CD28E693C100A1C940 /* SceneDelegate.swift in Sources */,
			);
			runOnlyForDeploymentPostprocessing = 0;
		};
		1AB248D928E693C200A1C940 /* Sources */ = {
			isa = PBXSourcesBuildPhase;
			buildActionMask = 2147483647;
			files = (
				1AB248E228E693C200A1C940 /* StorageOrganizerTests.swift in Sources */,
			);
			runOnlyForDeploymentPostprocessing = 0;
		};
		1AB248E328E693C200A1C940 /* Sources */ = {
			isa = PBXSourcesBuildPhase;
			buildActionMask = 2147483647;
			files = (
				1AB248EE28E693C200A1C940 /* StorageOrganizerUITestsLaunchTests.swift in Sources */,
				1AB248EC28E693C200A1C940 /* StorageOrganizerUITests.swift in Sources */,
			);
			runOnlyForDeploymentPostprocessing = 0;
		};
/* End PBXSourcesBuildPhase section */

/* Begin PBXTargetDependency section */
		1AB248DF28E693C200A1C940 /* PBXTargetDependency */ = {
			isa = PBXTargetDependency;
			target = 1AB248C628E693C100A1C940 /* StorageOrganizer */;
			targetProxy = 1AB248DE28E693C200A1C940 /* PBXContainerItemProxy */;
		};
		1AB248E928E693C200A1C940 /* PBXTargetDependency */ = {
			isa = PBXTargetDependency;
			target = 1AB248C628E693C100A1C940 /* StorageOrganizer */;
			targetProxy = 1AB248E828E693C200A1C940 /* PBXContainerItemProxy */;
		};
/* End PBXTargetDependency section */

/* Begin PBXVariantGroup section */
		1AB248D028E693C100A1C940 /* Main.storyboard */ = {
			isa = PBXVariantGroup;
			children = (
				1AB248D128E693C100A1C940 /* Base */,
			);
			name = Main.storyboard;
			sourceTree = "<group>";
		};
		1AB248D528E693C200A1C940 /* LaunchScreen.storyboard */ = {
			isa = PBXVariantGroup;
			children = (
				1AB248D628E693C200A1C940 /* Base */,
			);
			name = LaunchScreen.storyboard;
			sourceTree = "<group>";
		};
/* End PBXVariantGroup section */

/* Begin XCBuildConfiguration section */
		1AB248EF28E693C200A1C940 /* Debug */ = {
			isa = XCBuildConfiguration;
			buildSettings = {
				ALWAYS_SEARCH_USER_PATHS = NO;
				CLANG_ANALYZER_NONNULL = YES;
				CLANG_ANALYZER_NUMBER_OBJECT_CONVERSION = YES_AGGRESSIVE;
				CLANG_CXX_LANGUAGE_STANDARD = "gnu++20";
				CLANG_ENABLE_MODULES = YES;
				CLANG_ENABLE_OBJC_ARC = YES;
				CLANG_ENABLE_OBJC_WEAK = YES;
				CLANG_WARN_BLOCK_CAPTURE_AUTORELEASING = YES;
				CLANG_WARN_BOOL_CONVERSION = YES;
				CLANG_WARN_COMMA = YES;
				CLANG_WARN_CONSTANT_CONVERSION = YES;
				CLANG_WARN_DEPRECATED_OBJC_IMPLEMENTATIONS = YES;
				CLANG_WARN_DIRECT_OBJC_ISA_USAGE = YES_ERROR;
				CLANG_WARN_DOCUMENTATION_COMMENTS = YES;
				CLANG_WARN_EMPTY_BODY = YES;
				CLANG_WARN_ENUM_CONVERSION = YES;
				CLANG_WARN_INFINITE_RECURSION = YES;
				CLANG_WARN_INT_CONVERSION = YES;
				CLANG_WARN_NON_LITERAL_NULL_CONVERSION = YES;
				CLANG_WARN_OBJC_IMPLICIT_RETAIN_SELF = YES;
				CLANG_WARN_OBJC_LITERAL_CONVERSION = YES;
				CLANG_WARN_OBJC_ROOT_CLASS = YES_ERROR;
				CLANG_WARN_QUOTED_INCLUDE_IN_FRAMEWORK_HEADER = YES;
				CLANG_WARN_RANGE_LOOP_ANALYSIS = YES;
				CLANG_WARN_STRICT_PROTOTYPES = YES;
				CLANG_WARN_SUSPICIOUS_MOVE = YES;
				CLANG_WARN_UNGUARDED_AVAILABILITY = YES_AGGRESSIVE;
				CLANG_WARN_UNREACHABLE_CODE = YES;
				CLANG_WARN__DUPLICATE_METHOD_MATCH = YES;
				COPY_PHASE_STRIP = NO;
				DEBUG_INFORMATION_FORMAT = dwarf;
				ENABLE_STRICT_OBJC_MSGSEND = YES;
				ENABLE_TESTABILITY = YES;
				GCC_C_LANGUAGE_STANDARD = gnu11;
				GCC_DYNAMIC_NO_PIC = NO;
				GCC_NO_COMMON_BLOCKS = YES;
				GCC_OPTIMIZATION_LEVEL = 0;
				GCC_PREPROCESSOR_DEFINITIONS = (
					"DEBUG=1",
					"$(inherited)",
				);
				GCC_WARN_64_TO_32_BIT_CONVERSION = YES;
				GCC_WARN_ABOUT_RETURN_TYPE = YES_ERROR;
				GCC_WARN_UNDECLARED_SELECTOR = YES;
				GCC_WARN_UNINITIALIZED_AUTOS = YES_AGGRESSIVE;
				GCC_WARN_UNUSED_FUNCTION = YES;
				GCC_WARN_UNUSED_VARIABLE = YES;
				IPHONEOS_DEPLOYMENT_TARGET = 13.0;
				MTL_ENABLE_DEBUG_INFO = INCLUDE_SOURCE;
				MTL_FAST_MATH = YES;
				ONLY_ACTIVE_ARCH = YES;
				SDKROOT = iphoneos;
				SWIFT_ACTIVE_COMPILATION_CONDITIONS = DEBUG;
				SWIFT_OPTIMIZATION_LEVEL = "-Onone";
			};
			name = Debug;
		};
		1AB248F028E693C200A1C940 /* Release */ = {
			isa = XCBuildConfiguration;
			buildSettings = {
				ALWAYS_SEARCH_USER_PATHS = NO;
				CLANG_ANALYZER_NONNULL = YES;
				CLANG_ANALYZER_NUMBER_OBJECT_CONVERSION = YES_AGGRESSIVE;
				CLANG_CXX_LANGUAGE_STANDARD = "gnu++20";
				CLANG_ENABLE_MODULES = YES;
				CLANG_ENABLE_OBJC_ARC = YES;
				CLANG_ENABLE_OBJC_WEAK = YES;
				CLANG_WARN_BLOCK_CAPTURE_AUTORELEASING = YES;
				CLANG_WARN_BOOL_CONVERSION = YES;
				CLANG_WARN_COMMA = YES;
				CLANG_WARN_CONSTANT_CONVERSION = YES;
				CLANG_WARN_DEPRECATED_OBJC_IMPLEMENTATIONS = YES;
				CLANG_WARN_DIRECT_OBJC_ISA_USAGE = YES_ERROR;
				CLANG_WARN_DOCUMENTATION_COMMENTS = YES;
				CLANG_WARN_EMPTY_BODY = YES;
				CLANG_WARN_ENUM_CONVERSION = YES;
				CLANG_WARN_INFINITE_RECURSION = YES;
				CLANG_WARN_INT_CONVERSION = YES;
				CLANG_WARN_NON_LITERAL_NULL_CONVERSION = YES;
				CLANG_WARN_OBJC_IMPLICIT_RETAIN_SELF = YES;
				CLANG_WARN_OBJC_LITERAL_CONVERSION = YES;
				CLANG_WARN_OBJC_ROOT_CLASS = YES_ERROR;
				CLANG_WARN_QUOTED_INCLUDE_IN_FRAMEWORK_HEADER = YES;
				CLANG_WARN_RANGE_LOOP_ANALYSIS = YES;
				CLANG_WARN_STRICT_PROTOTYPES = YES;
				CLANG_WARN_SUSPICIOUS_MOVE = YES;
				CLANG_WARN_UNGUARDED_AVAILABILITY = YES_AGGRESSIVE;
				CLANG_WARN_UNREACHABLE_CODE = YES;
				CLANG_WARN__DUPLICATE_METHOD_MATCH = YES;
				COPY_PHASE_STRIP = NO;
				DEBUG_INFORMATION_FORMAT = "dwarf-with-dsym";
				ENABLE_NS_ASSERTIONS = NO;
				ENABLE_STRICT_OBJC_MSGSEND = YES;
				GCC_C_LANGUAGE_STANDARD = gnu11;
				GCC_NO_COMMON_BLOCKS = YES;
				GCC_WARN_64_TO_32_BIT_CONVERSION = YES;
				GCC_WARN_ABOUT_RETURN_TYPE = YES_ERROR;
				GCC_WARN_UNDECLARED_SELECTOR = YES;
				GCC_WARN_UNINITIALIZED_AUTOS = YES_AGGRESSIVE;
				GCC_WARN_UNUSED_FUNCTION = YES;
				GCC_WARN_UNUSED_VARIABLE = YES;
				IPHONEOS_DEPLOYMENT_TARGET = 13.0;
				MTL_ENABLE_DEBUG_INFO = NO;
				MTL_FAST_MATH = YES;
				SDKROOT = iphoneos;
				SWIFT_COMPILATION_MODE = wholemodule;
				SWIFT_OPTIMIZATION_LEVEL = "-O";
				VALIDATE_PRODUCT = YES;
			};
			name = Release;
		};
		1AB248F228E693C200A1C940 /* Debug */ = {
			isa = XCBuildConfiguration;
			buildSettings = {
				ASSETCATALOG_COMPILER_APPICON_NAME = AppIcon;
				ASSETCATALOG_COMPILER_GLOBAL_ACCENT_COLOR_NAME = AccentColor;
				CODE_SIGN_STYLE = Automatic;
				CURRENT_PROJECT_VERSION = 1;
				DEVELOPMENT_TEAM = 7G4A2JWWKQ;
				GENERATE_INFOPLIST_FILE = YES;
				INFOPLIST_FILE = StorageOrganizer/Info.plist;
				INFOPLIST_KEY_UIApplicationSupportsIndirectInputEvents = YES;
				INFOPLIST_KEY_UILaunchStoryboardName = LaunchScreen;
				INFOPLIST_KEY_UIMainStoryboardFile = Main;
				INFOPLIST_KEY_UISupportedInterfaceOrientations = UIInterfaceOrientationPortrait;
				IPHONEOS_DEPLOYMENT_TARGET = 13.0;
				LD_RUNPATH_SEARCH_PATHS = (
					"$(inherited)",
					"@executable_path/Frameworks",
				);
				MARKETING_VERSION = 1.0;
				PRODUCT_BUNDLE_IDENTIFIER = com.aaroncleveland.StorageOrganizer;
				PRODUCT_NAME = "$(TARGET_NAME)";
				SWIFT_EMIT_LOC_STRINGS = YES;
				SWIFT_VERSION = 5.0;
				TARGETED_DEVICE_FAMILY = "1,2";
			};
			name = Debug;
		};
		1AB248F328E693C200A1C940 /* Release */ = {
			isa = XCBuildConfiguration;
			buildSettings = {
				ASSETCATALOG_COMPILER_APPICON_NAME = AppIcon;
				ASSETCATALOG_COMPILER_GLOBAL_ACCENT_COLOR_NAME = AccentColor;
				CODE_SIGN_STYLE = Automatic;
				CURRENT_PROJECT_VERSION = 1;
				DEVELOPMENT_TEAM = 7G4A2JWWKQ;
				GENERATE_INFOPLIST_FILE = YES;
				INFOPLIST_FILE = StorageOrganizer/Info.plist;
				INFOPLIST_KEY_UIApplicationSupportsIndirectInputEvents = YES;
				INFOPLIST_KEY_UILaunchStoryboardName = LaunchScreen;
				INFOPLIST_KEY_UIMainStoryboardFile = Main;
				INFOPLIST_KEY_UISupportedInterfaceOrientations = UIInterfaceOrientationPortrait;
				IPHONEOS_DEPLOYMENT_TARGET = 13.0;
				LD_RUNPATH_SEARCH_PATHS = (
					"$(inherited)",
					"@executable_path/Frameworks",
				);
				MARKETING_VERSION = 1.0;
				PRODUCT_BUNDLE_IDENTIFIER = com.aaroncleveland.StorageOrganizer;
				PRODUCT_NAME = "$(TARGET_NAME)";
				SWIFT_EMIT_LOC_STRINGS = YES;
				SWIFT_VERSION = 5.0;
				TARGETED_DEVICE_FAMILY = "1,2";
			};
			name = Release;
		};
		1AB248F528E693C200A1C940 /* Debug */ = {
			isa = XCBuildConfiguration;
			buildSettings = {
				ALWAYS_EMBED_SWIFT_STANDARD_LIBRARIES = YES;
				BUNDLE_LOADER = "$(TEST_HOST)";
				CODE_SIGN_STYLE = Automatic;
				CURRENT_PROJECT_VERSION = 1;
				DEVELOPMENT_TEAM = 7G4A2JWWKQ;
				GENERATE_INFOPLIST_FILE = YES;
				IPHONEOS_DEPLOYMENT_TARGET = 16.0;
				MARKETING_VERSION = 1.0;
				PRODUCT_BUNDLE_IDENTIFIER = com.aaroncleveland.StorageOrganizerTests;
				PRODUCT_NAME = "$(TARGET_NAME)";
				SWIFT_EMIT_LOC_STRINGS = NO;
				SWIFT_VERSION = 5.0;
				TARGETED_DEVICE_FAMILY = "1,2";
				TEST_HOST = "$(BUILT_PRODUCTS_DIR)/StorageOrganizer.app/$(BUNDLE_EXECUTABLE_FOLDER_PATH)/StorageOrganizer";
			};
			name = Debug;
		};
		1AB248F628E693C200A1C940 /* Release */ = {
			isa = XCBuildConfiguration;
			buildSettings = {
				ALWAYS_EMBED_SWIFT_STANDARD_LIBRARIES = YES;
				BUNDLE_LOADER = "$(TEST_HOST)";
				CODE_SIGN_STYLE = Automatic;
				CURRENT_PROJECT_VERSION = 1;
				DEVELOPMENT_TEAM = 7G4A2JWWKQ;
				GENERATE_INFOPLIST_FILE = YES;
				IPHONEOS_DEPLOYMENT_TARGET = 16.0;
				MARKETING_VERSION = 1.0;
				PRODUCT_BUNDLE_IDENTIFIER = com.aaroncleveland.StorageOrganizerTests;
				PRODUCT_NAME = "$(TARGET_NAME)";
				SWIFT_EMIT_LOC_STRINGS = NO;
				SWIFT_VERSION = 5.0;
				TARGETED_DEVICE_FAMILY = "1,2";
				TEST_HOST = "$(BUILT_PRODUCTS_DIR)/StorageOrganizer.app/$(BUNDLE_EXECUTABLE_FOLDER_PATH)/StorageOrganizer";
			};
			name = Release;
		};
		1AB248F828E693C200A1C940 /* Debug */ = {
			isa = XCBuildConfiguration;
			buildSettings = {
				ALWAYS_EMBED_SWIFT_STANDARD_LIBRARIES = YES;
				CODE_SIGN_STYLE = Automatic;
				CURRENT_PROJECT_VERSION = 1;
				DEVELOPMENT_TEAM = 7G4A2JWWKQ;
				GENERATE_INFOPLIST_FILE = YES;
				MARKETING_VERSION = 1.0;
				PRODUCT_BUNDLE_IDENTIFIER = com.aaroncleveland.StorageOrganizerUITests;
				PRODUCT_NAME = "$(TARGET_NAME)";
				SWIFT_EMIT_LOC_STRINGS = NO;
				SWIFT_VERSION = 5.0;
				TARGETED_DEVICE_FAMILY = "1,2";
				TEST_TARGET_NAME = StorageOrganizer;
			};
			name = Debug;
		};
		1AB248F928E693C200A1C940 /* Release */ = {
			isa = XCBuildConfiguration;
			buildSettings = {
				ALWAYS_EMBED_SWIFT_STANDARD_LIBRARIES = YES;
				CODE_SIGN_STYLE = Automatic;
				CURRENT_PROJECT_VERSION = 1;
				DEVELOPMENT_TEAM = 7G4A2JWWKQ;
				GENERATE_INFOPLIST_FILE = YES;
				MARKETING_VERSION = 1.0;
				PRODUCT_BUNDLE_IDENTIFIER = com.aaroncleveland.StorageOrganizerUITests;
				PRODUCT_NAME = "$(TARGET_NAME)";
				SWIFT_EMIT_LOC_STRINGS = NO;
				SWIFT_VERSION = 5.0;
				TARGETED_DEVICE_FAMILY = "1,2";
				TEST_TARGET_NAME = StorageOrganizer;
			};
			name = Release;
		};
/* End XCBuildConfiguration section */

/* Begin XCConfigurationList section */
		1AB248C228E693C100A1C940 /* Build configuration list for PBXProject "StorageOrganizer" */ = {
			isa = XCConfigurationList;
			buildConfigurations = (
				1AB248EF28E693C200A1C940 /* Debug */,
				1AB248F028E693C200A1C940 /* Release */,
			);
			defaultConfigurationIsVisible = 0;
			defaultConfigurationName = Release;
		};
		1AB248F128E693C200A1C940 /* Build configuration list for PBXNativeTarget "StorageOrganizer" */ = {
			isa = XCConfigurationList;
			buildConfigurations = (
				1AB248F228E693C200A1C940 /* Debug */,
				1AB248F328E693C200A1C940 /* Release */,
			);
			defaultConfigurationIsVisible = 0;
			defaultConfigurationName = Release;
		};
		1AB248F428E693C200A1C940 /* Build configuration list for PBXNativeTarget "StorageOrganizerTests" */ = {
			isa = XCConfigurationList;
			buildConfigurations = (
				1AB248F528E693C200A1C940 /* Debug */,
				1AB248F628E693C200A1C940 /* Release */,
			);
			defaultConfigurationIsVisible = 0;
			defaultConfigurationName = Release;
		};
		1AB248F728E693C200A1C940 /* Build configuration list for PBXNativeTarget "StorageOrganizerUITests" */ = {
			isa = XCConfigurationList;
			buildConfigurations = (
				1AB248F828E693C200A1C940 /* Debug */,
				1AB248F928E693C200A1C940 /* Release */,
			);
			defaultConfigurationIsVisible = 0;
			defaultConfigurationName = Release;
		};
/* End XCConfigurationList section */

/* Begin XCRemoteSwiftPackageReference section */
		1AB085F828E948230099DFBE /* XCRemoteSwiftPackageReference "firebase-ios-sdk" */ = {
			isa = XCRemoteSwiftPackageReference;
			repositoryURL = "https://github.com/firebase/firebase-ios-sdk";
			requirement = {
				kind = upToNextMajorVersion;
				minimumVersion = 9.0.0;
			};
		};
/* End XCRemoteSwiftPackageReference section */

/* Begin XCSwiftPackageProductDependency section */
		1AB085F928E948230099DFBE /* FirebaseAnalytics */ = {
			isa = XCSwiftPackageProductDependency;
			package = 1AB085F828E948230099DFBE /* XCRemoteSwiftPackageReference "firebase-ios-sdk" */;
			productName = FirebaseAnalytics;
		};
		1AB085FB28E948230099DFBE /* FirebaseAuth */ = {
			isa = XCSwiftPackageProductDependency;
			package = 1AB085F828E948230099DFBE /* XCRemoteSwiftPackageReference "firebase-ios-sdk" */;
			productName = FirebaseAuth;
		};
		1AB085FD28E948230099DFBE /* FirebaseDatabase */ = {
			isa = XCSwiftPackageProductDependency;
			package = 1AB085F828E948230099DFBE /* XCRemoteSwiftPackageReference "firebase-ios-sdk" */;
			productName = FirebaseDatabase;
		};
		1AB085FF28E948230099DFBE /* FirebaseDatabaseSwift */ = {
			isa = XCSwiftPackageProductDependency;
			package = 1AB085F828E948230099DFBE /* XCRemoteSwiftPackageReference "firebase-ios-sdk" */;
			productName = FirebaseDatabaseSwift;
		};
		1AB0860128E948230099DFBE /* FirebaseStorage */ = {
			isa = XCSwiftPackageProductDependency;
			package = 1AB085F828E948230099DFBE /* XCRemoteSwiftPackageReference "firebase-ios-sdk" */;
			productName = FirebaseStorage;
		};
		1AF3312F28EA0DCA003E9093 /* FirebaseAnalyticsOnDeviceConversion */ = {
			isa = XCSwiftPackageProductDependency;
			package = 1AB085F828E948230099DFBE /* XCRemoteSwiftPackageReference "firebase-ios-sdk" */;
			productName = FirebaseAnalyticsOnDeviceConversion;
		};
		1AF3313128EA0DCA003E9093 /* FirebaseAnalyticsSwift */ = {
			isa = XCSwiftPackageProductDependency;
			package = 1AB085F828E948230099DFBE /* XCRemoteSwiftPackageReference "firebase-ios-sdk" */;
			productName = FirebaseAnalyticsSwift;
		};
		1AF3313328EA0DCA003E9093 /* FirebaseAnalyticsWithoutAdIdSupport */ = {
			isa = XCSwiftPackageProductDependency;
			package = 1AB085F828E948230099DFBE /* XCRemoteSwiftPackageReference "firebase-ios-sdk" */;
			productName = FirebaseAnalyticsWithoutAdIdSupport;
		};
		1AF3313528EA0DCA003E9093 /* FirebaseAppCheck */ = {
			isa = XCSwiftPackageProductDependency;
			package = 1AB085F828E948230099DFBE /* XCRemoteSwiftPackageReference "firebase-ios-sdk" */;
			productName = FirebaseAppCheck;
		};
		1AF3313728EA0DCA003E9093 /* FirebaseAppDistribution-Beta */ = {
			isa = XCSwiftPackageProductDependency;
			package = 1AB085F828E948230099DFBE /* XCRemoteSwiftPackageReference "firebase-ios-sdk" */;
			productName = "FirebaseAppDistribution-Beta";
		};
		1AF3313928EA0DCB003E9093 /* FirebaseAuthCombine-Community */ = {
			isa = XCSwiftPackageProductDependency;
			package = 1AB085F828E948230099DFBE /* XCRemoteSwiftPackageReference "firebase-ios-sdk" */;
			productName = "FirebaseAuthCombine-Community";
		};
		1AF3313B28EA0DCB003E9093 /* FirebaseCrashlytics */ = {
			isa = XCSwiftPackageProductDependency;
			package = 1AB085F828E948230099DFBE /* XCRemoteSwiftPackageReference "firebase-ios-sdk" */;
			productName = FirebaseCrashlytics;
		};
		1AF3313D28EA0DCB003E9093 /* FirebaseDynamicLinks */ = {
			isa = XCSwiftPackageProductDependency;
			package = 1AB085F828E948230099DFBE /* XCRemoteSwiftPackageReference "firebase-ios-sdk" */;
			productName = FirebaseDynamicLinks;
		};
		1AF3313F28EA0DCB003E9093 /* FirebaseFirestore */ = {
			isa = XCSwiftPackageProductDependency;
			package = 1AB085F828E948230099DFBE /* XCRemoteSwiftPackageReference "firebase-ios-sdk" */;
			productName = FirebaseFirestore;
		};
		1AF3314128EA0DCB003E9093 /* FirebaseFirestoreCombine-Community */ = {
			isa = XCSwiftPackageProductDependency;
			package = 1AB085F828E948230099DFBE /* XCRemoteSwiftPackageReference "firebase-ios-sdk" */;
			productName = "FirebaseFirestoreCombine-Community";
		};
		1AF3314328EA0DCB003E9093 /* FirebaseFirestoreSwift */ = {
			isa = XCSwiftPackageProductDependency;
			package = 1AB085F828E948230099DFBE /* XCRemoteSwiftPackageReference "firebase-ios-sdk" */;
			productName = FirebaseFirestoreSwift;
		};
		1AF3314528EA0DCB003E9093 /* FirebaseFunctions */ = {
			isa = XCSwiftPackageProductDependency;
			package = 1AB085F828E948230099DFBE /* XCRemoteSwiftPackageReference "firebase-ios-sdk" */;
			productName = FirebaseFunctions;
		};
		1AF3314728EA0DCB003E9093 /* FirebaseFunctionsCombine-Community */ = {
			isa = XCSwiftPackageProductDependency;
			package = 1AB085F828E948230099DFBE /* XCRemoteSwiftPackageReference "firebase-ios-sdk" */;
			productName = "FirebaseFunctionsCombine-Community";
		};
		1AF3314928EA0DCB003E9093 /* FirebaseInAppMessaging-Beta */ = {
			isa = XCSwiftPackageProductDependency;
			package = 1AB085F828E948230099DFBE /* XCRemoteSwiftPackageReference "firebase-ios-sdk" */;
			productName = "FirebaseInAppMessaging-Beta";
		};
		1AF3314B28EA0DCB003E9093 /* FirebaseInAppMessagingSwift-Beta */ = {
			isa = XCSwiftPackageProductDependency;
			package = 1AB085F828E948230099DFBE /* XCRemoteSwiftPackageReference "firebase-ios-sdk" */;
			productName = "FirebaseInAppMessagingSwift-Beta";
		};
		1AF3314D28EA0DCB003E9093 /* FirebaseInstallations */ = {
			isa = XCSwiftPackageProductDependency;
			package = 1AB085F828E948230099DFBE /* XCRemoteSwiftPackageReference "firebase-ios-sdk" */;
			productName = FirebaseInstallations;
		};
		1AF3314F28EA0DCB003E9093 /* FirebaseMessaging */ = {
			isa = XCSwiftPackageProductDependency;
			package = 1AB085F828E948230099DFBE /* XCRemoteSwiftPackageReference "firebase-ios-sdk" */;
			productName = FirebaseMessaging;
		};
		1AF3315128EA0DCB003E9093 /* FirebaseMLModelDownloader */ = {
			isa = XCSwiftPackageProductDependency;
			package = 1AB085F828E948230099DFBE /* XCRemoteSwiftPackageReference "firebase-ios-sdk" */;
			productName = FirebaseMLModelDownloader;
		};
		1AF3315328EA0DCB003E9093 /* FirebasePerformance */ = {
			isa = XCSwiftPackageProductDependency;
			package = 1AB085F828E948230099DFBE /* XCRemoteSwiftPackageReference "firebase-ios-sdk" */;
			productName = FirebasePerformance;
		};
		1AF3315528EA0DCB003E9093 /* FirebaseRemoteConfig */ = {
			isa = XCSwiftPackageProductDependency;
			package = 1AB085F828E948230099DFBE /* XCRemoteSwiftPackageReference "firebase-ios-sdk" */;
			productName = FirebaseRemoteConfig;
		};
		1AF3315728EA0DCB003E9093 /* FirebaseRemoteConfigSwift */ = {
			isa = XCSwiftPackageProductDependency;
			package = 1AB085F828E948230099DFBE /* XCRemoteSwiftPackageReference "firebase-ios-sdk" */;
			productName = FirebaseRemoteConfigSwift;
		};
		1AF3315928EA0DCB003E9093 /* FirebaseStorageCombine-Community */ = {
			isa = XCSwiftPackageProductDependency;
			package = 1AB085F828E948230099DFBE /* XCRemoteSwiftPackageReference "firebase-ios-sdk" */;
			productName = "FirebaseStorageCombine-Community";
		};
/* End XCSwiftPackageProductDependency section */
	};
	rootObject = 1AB248BF28E693C100A1C940 /* Project object */;
}
